
Microsoft Visual Studio Solution File, Format Version 12.00
# Visual Studio Version 17
VisualStudioVersion = 17.8.34408.163
MinimumVisualStudioVersion = 10.0.40219.1
Project("{FAE04EC0-301F-11D3-BF4B-00C04F79EFBC}") = "Doga_fel2", "Doga_fel2.csproj", "{042C33B8-6192-408C-9439-9CEB05076504}"
EndProject
Global
	GlobalSection(SolutionConfigurationPlatforms) = preSolution
		Debug|Any CPU = Debug|Any CPU
		Release|Any CPU = Release|Any CPU
	EndGlobalSection
	GlobalSection(ProjectConfigurationPlatforms) = postSolution
		{042C33B8-6192-408C-9439-9CEB05076504}.Debug|Any CPU.ActiveCfg = Debug|Any CPU
		{042C33B8-6192-408C-9439-9CEB05076504}.Debug|Any CPU.Build.0 = Debug|Any CPU
		{042C33B8-6192-408C-9439-9CEB05076504}.Release|Any CPU.ActiveCfg = Release|Any CPU
		{042C33B8-6192-408C-9439-9CEB05076504}.Release|Any CPU.Build.0 = Release|Any CPU
	EndGlobalSection
	GlobalSection(SolutionProperties) = preSolution
		HideSolutionNode = FALSE
	EndGlobalSection
	GlobalSection(ExtensibilityGlobals) = postSolution
		SolutionGuid = {C06D7F9D-F3D4-48B1-894E-5FBCE99F694F}
	EndGlobalSection
EndGlobal
